{
  "version": 4,
  "terraform_version": "0.12.16",
  "serial": 248,
  "lineage": "fdb10dfa-1ab2-07ac-ddf0-b3cbe349d3aa",
  "outputs": {},
  "resources": [
    {
      "module": "module.grr-docker-lab",
      "mode": "managed",
      "type": "docker_container",
      "name": "grr-admin",
      "provider": "provider.docker",
      "instances": [
        {
          "schema_version": 1,
          "attributes": {
            "attach": false,
            "bridge": "",
            "capabilities": [],
            "command": null,
            "container_logs": null,
            "cpu_set": "0-1",
            "cpu_shares": null,
            "destroy_grace_seconds": null,
            "devices": [],
            "dns": null,
            "dns_opts": null,
            "dns_search": null,
            "domainname": null,
            "entrypoint": null,
            "env": [
              "ADMIN_PASSWORD=demo",
              "EXTERNAL_HOSTNAME=grr-admin",
              "NGINX_CLIENT_COUNT=4",
              "SSH_PASS=h793CIVlv8IFQ2Kd",
              "UBUNTU_CLIENT_COUNT=4"
            ],
            "exit_code": null,
            "gateway": "172.20.0.1",
            "group_add": null,
            "healthcheck": [],
            "host": [],
            "hostname": null,
            "id": "afe5d512a4fb04181321d8dc06f5afd269cd6346307a40097517483563c3c1b6",
            "image": "grr-server:latest",
            "ip_address": "172.20.0.10",
            "ip_prefix_length": 16,
            "ipc_mode": null,
            "labels": null,
            "links": null,
            "log_driver": "json-file",
            "log_opts": null,
            "logs": false,
            "max_retry_count": null,
            "memory": 2000,
            "memory_swap": null,
            "mounts": [],
            "must_run": true,
            "name": "grr-admin",
            "network_alias": null,
            "network_data": [
              {
                "gateway": "172.20.0.1",
                "ip_address": "172.20.0.10",
                "ip_prefix_length": 16,
                "network_name": "grr-net"
              }
            ],
            "network_mode": null,
            "networks": null,
            "networks_advanced": [
              {
                "aliases": [],
                "ipv4_address": "172.20.0.10",
                "ipv6_address": "",
                "name": "grr-net"
              }
            ],
            "pid_mode": null,
            "ports": [
              {
                "external": 8000,
                "internal": 8000,
                "ip": "0.0.0.0",
                "protocol": "tcp"
              },
              {
                "external": 8080,
                "internal": 8080,
                "ip": "0.0.0.0",
                "protocol": "tcp"
              }
            ],
            "privileged": null,
            "publish_all_ports": null,
            "read_only": false,
            "restart": "always",
            "rm": false,
            "shm_size": null,
            "start": true,
            "sysctls": null,
            "tmpfs": null,
            "ulimit": [],
            "upload": [],
            "user": null,
            "userns_mode": null,
            "volumes": [],
            "working_dir": null
          },
          "private": "eyJzY2hlbWFfdmVyc2lvbiI6IjEifQ==",
          "dependencies": [
            "module.grr-docker-lab.docker_container.nginx-grr-client",
            "module.grr-docker-lab.docker_container.ubuntu-grr-client",
            "module.grr-docker-lab.docker_network.grr-net",
            "random_password.password"
          ]
        }
      ]
    },
    {
      "module": "module.grr-docker-lab",
      "mode": "managed",
      "type": "docker_container",
      "name": "nginx-grr-client",
      "each": "list",
      "provider": "provider.docker",
      "instances": [
        {
          "index_key": 0,
          "schema_version": 1,
          "attributes": {
            "attach": false,
            "bridge": "",
            "capabilities": [],
            "command": null,
            "container_logs": null,
            "cpu_set": null,
            "cpu_shares": null,
            "destroy_grace_seconds": null,
            "devices": [],
            "dns": null,
            "dns_opts": null,
            "dns_search": null,
            "domainname": null,
            "entrypoint": null,
            "env": [
              "ssh_pass=h793CIVlv8IFQ2Kd"
            ],
            "exit_code": null,
            "gateway": "172.20.0.1",
            "group_add": null,
            "healthcheck": [],
            "host": [],
            "hostname": null,
            "id": "dde432e7d717a741d6820e0f1b57f0cfde24ffc5d2b2486f7fb55f8cd4c43e0f",
            "image": "nginx-grr-client:latest",
            "ip_address": "172.20.1.1",
            "ip_prefix_length": 16,
            "ipc_mode": null,
            "labels": null,
            "links": null,
            "log_driver": "json-file",
            "log_opts": null,
            "logs": false,
            "max_retry_count": null,
            "memory": null,
            "memory_swap": null,
            "mounts": [],
            "must_run": true,
            "name": "nginx-grr-client-0",
            "network_alias": null,
            "network_data": [
              {
                "gateway": "172.20.0.1",
                "ip_address": "172.20.1.1",
                "ip_prefix_length": 16,
                "network_name": "grr-net"
              }
            ],
            "network_mode": null,
            "networks": null,
            "networks_advanced": [
              {
                "aliases": [],
                "ipv4_address": "172.20.1.1",
                "ipv6_address": "",
                "name": "grr-net"
              }
            ],
            "pid_mode": null,
            "ports": [],
            "privileged": null,
            "publish_all_ports": null,
            "read_only": false,
            "restart": "always",
            "rm": false,
            "shm_size": null,
            "start": true,
            "sysctls": null,
            "tmpfs": null,
            "ulimit": [],
            "upload": [],
            "user": null,
            "userns_mode": null,
            "volumes": [],
            "working_dir": "/"
          },
          "private": "eyJzY2hlbWFfdmVyc2lvbiI6IjEifQ==",
          "dependencies": [
            "module.grr-docker-lab.docker_network.grr-net",
            "random_password.password"
          ]
        },
        {
          "index_key": 1,
          "schema_version": 1,
          "attributes": {
            "attach": false,
            "bridge": "",
            "capabilities": [],
            "command": null,
            "container_logs": null,
            "cpu_set": null,
            "cpu_shares": null,
            "destroy_grace_seconds": null,
            "devices": [],
            "dns": null,
            "dns_opts": null,
            "dns_search": null,
            "domainname": null,
            "entrypoint": null,
            "env": [
              "ssh_pass=h793CIVlv8IFQ2Kd"
            ],
            "exit_code": null,
            "gateway": "172.20.0.1",
            "group_add": null,
            "healthcheck": [],
            "host": [],
            "hostname": null,
            "id": "2ab761738a7f340e91b1fc2aaba52c0f7efa08384498afaed975a4c5c22ff301",
            "image": "nginx-grr-client:latest",
            "ip_address": "172.20.1.2",
            "ip_prefix_length": 16,
            "ipc_mode": null,
            "labels": null,
            "links": null,
            "log_driver": "json-file",
            "log_opts": null,
            "logs": false,
            "max_retry_count": null,
            "memory": null,
            "memory_swap": null,
            "mounts": [],
            "must_run": true,
            "name": "nginx-grr-client-1",
            "network_alias": null,
            "network_data": [
              {
                "gateway": "172.20.0.1",
                "ip_address": "172.20.1.2",
                "ip_prefix_length": 16,
                "network_name": "grr-net"
              }
            ],
            "network_mode": null,
            "networks": null,
            "networks_advanced": [
              {
                "aliases": [],
                "ipv4_address": "172.20.1.2",
                "ipv6_address": "",
                "name": "grr-net"
              }
            ],
            "pid_mode": null,
            "ports": [],
            "privileged": null,
            "publish_all_ports": null,
            "read_only": false,
            "restart": "always",
            "rm": false,
            "shm_size": null,
            "start": true,
            "sysctls": null,
            "tmpfs": null,
            "ulimit": [],
            "upload": [],
            "user": null,
            "userns_mode": null,
            "volumes": [],
            "working_dir": "/"
          },
          "private": "eyJzY2hlbWFfdmVyc2lvbiI6IjEifQ==",
          "dependencies": [
            "module.grr-docker-lab.docker_network.grr-net",
            "random_password.password"
          ]
        },
        {
          "index_key": 2,
          "schema_version": 1,
          "attributes": {
            "attach": false,
            "bridge": "",
            "capabilities": [],
            "command": null,
            "container_logs": null,
            "cpu_set": null,
            "cpu_shares": null,
            "destroy_grace_seconds": null,
            "devices": [],
            "dns": null,
            "dns_opts": null,
            "dns_search": null,
            "domainname": null,
            "entrypoint": null,
            "env": [
              "ssh_pass=h793CIVlv8IFQ2Kd"
            ],
            "exit_code": null,
            "gateway": "172.20.0.1",
            "group_add": null,
            "healthcheck": [],
            "host": [],
            "hostname": null,
            "id": "8791c07d6bc476680b507a70c093f695fd5e0668a3e3df06045d143710554400",
            "image": "nginx-grr-client:latest",
            "ip_address": "172.20.1.3",
            "ip_prefix_length": 16,
            "ipc_mode": null,
            "labels": null,
            "links": null,
            "log_driver": "json-file",
            "log_opts": null,
            "logs": false,
            "max_retry_count": null,
            "memory": null,
            "memory_swap": null,
            "mounts": [],
            "must_run": true,
            "name": "nginx-grr-client-2",
            "network_alias": null,
            "network_data": [
              {
                "gateway": "172.20.0.1",
                "ip_address": "172.20.1.3",
                "ip_prefix_length": 16,
                "network_name": "grr-net"
              }
            ],
            "network_mode": null,
            "networks": null,
            "networks_advanced": [
              {
                "aliases": [],
                "ipv4_address": "172.20.1.3",
                "ipv6_address": "",
                "name": "grr-net"
              }
            ],
            "pid_mode": null,
            "ports": [],
            "privileged": null,
            "publish_all_ports": null,
            "read_only": false,
            "restart": "always",
            "rm": false,
            "shm_size": null,
            "start": true,
            "sysctls": null,
            "tmpfs": null,
            "ulimit": [],
            "upload": [],
            "user": null,
            "userns_mode": null,
            "volumes": [],
            "working_dir": "/"
          },
          "private": "eyJzY2hlbWFfdmVyc2lvbiI6IjEifQ==",
          "dependencies": [
            "module.grr-docker-lab.docker_network.grr-net",
            "random_password.password"
          ]
        },
        {
          "index_key": 3,
          "schema_version": 1,
          "attributes": {
            "attach": false,
            "bridge": "",
            "capabilities": [],
            "command": null,
            "container_logs": null,
            "cpu_set": null,
            "cpu_shares": null,
            "destroy_grace_seconds": null,
            "devices": [],
            "dns": null,
            "dns_opts": null,
            "dns_search": null,
            "domainname": null,
            "entrypoint": null,
            "env": [
              "ssh_pass=h793CIVlv8IFQ2Kd"
            ],
            "exit_code": null,
            "gateway": "172.20.0.1",
            "group_add": null,
            "healthcheck": [],
            "host": [],
            "hostname": null,
            "id": "b803b4230a4d01a36898423211fdb97c4188d2a5aae88a8b90ab6cbc7862036d",
            "image": "nginx-grr-client:latest",
            "ip_address": "172.20.1.4",
            "ip_prefix_length": 16,
            "ipc_mode": null,
            "labels": null,
            "links": null,
            "log_driver": "json-file",
            "log_opts": null,
            "logs": false,
            "max_retry_count": null,
            "memory": null,
            "memory_swap": null,
            "mounts": [],
            "must_run": true,
            "name": "nginx-grr-client-3",
            "network_alias": null,
            "network_data": [
              {
                "gateway": "172.20.0.1",
                "ip_address": "172.20.1.4",
                "ip_prefix_length": 16,
                "network_name": "grr-net"
              }
            ],
            "network_mode": null,
            "networks": null,
            "networks_advanced": [
              {
                "aliases": [],
                "ipv4_address": "172.20.1.4",
                "ipv6_address": "",
                "name": "grr-net"
              }
            ],
            "pid_mode": null,
            "ports": [],
            "privileged": null,
            "publish_all_ports": null,
            "read_only": false,
            "restart": "always",
            "rm": false,
            "shm_size": null,
            "start": true,
            "sysctls": null,
            "tmpfs": null,
            "ulimit": [],
            "upload": [],
            "user": null,
            "userns_mode": null,
            "volumes": [],
            "working_dir": "/"
          },
          "private": "eyJzY2hlbWFfdmVyc2lvbiI6IjEifQ==",
          "dependencies": [
            "module.grr-docker-lab.docker_network.grr-net",
            "random_password.password"
          ]
        }
      ]
    },
    {
      "module": "module.grr-docker-lab",
      "mode": "managed",
      "type": "docker_container",
      "name": "ubuntu-grr-client",
      "each": "list",
      "provider": "provider.docker",
      "instances": [
        {
          "index_key": 0,
          "schema_version": 1,
          "attributes": {
            "attach": false,
            "bridge": "",
            "capabilities": [],
            "command": null,
            "container_logs": null,
            "cpu_set": null,
            "cpu_shares": null,
            "destroy_grace_seconds": null,
            "devices": [],
            "dns": null,
            "dns_opts": null,
            "dns_search": null,
            "domainname": null,
            "entrypoint": null,
            "env": [
              "ssh_pass=h793CIVlv8IFQ2Kd"
            ],
            "exit_code": null,
            "gateway": "172.20.0.1",
            "group_add": null,
            "healthcheck": [],
            "host": [],
            "hostname": null,
            "id": "8e02dc1cc4a42b18eeca16dc75a7219f4d1d69bf178db5ed2faede906fda01bd",
            "image": "ubuntu-grr-client:latest",
            "ip_address": "172.20.2.1",
            "ip_prefix_length": 16,
            "ipc_mode": null,
            "labels": null,
            "links": null,
            "log_driver": "json-file",
            "log_opts": null,
            "logs": false,
            "max_retry_count": null,
            "memory": null,
            "memory_swap": null,
            "mounts": [],
            "must_run": true,
            "name": "ubuntu-grr-client-0",
            "network_alias": null,
            "network_data": [
              {
                "gateway": "172.20.0.1",
                "ip_address": "172.20.2.1",
                "ip_prefix_length": 16,
                "network_name": "grr-net"
              }
            ],
            "network_mode": null,
            "networks": null,
            "networks_advanced": [
              {
                "aliases": [],
                "ipv4_address": "172.20.2.1",
                "ipv6_address": "",
                "name": "grr-net"
              }
            ],
            "pid_mode": null,
            "ports": [],
            "privileged": null,
            "publish_all_ports": null,
            "read_only": false,
            "restart": "always",
            "rm": false,
            "shm_size": null,
            "start": true,
            "sysctls": null,
            "tmpfs": null,
            "ulimit": [],
            "upload": [],
            "user": null,
            "userns_mode": null,
            "volumes": [],
            "working_dir": "/"
          },
          "private": "eyJzY2hlbWFfdmVyc2lvbiI6IjEifQ==",
          "dependencies": [
            "module.grr-docker-lab.docker_network.grr-net",
            "random_password.password"
          ]
        },
        {
          "index_key": 1,
          "schema_version": 1,
          "attributes": {
            "attach": false,
            "bridge": "",
            "capabilities": [],
            "command": null,
            "container_logs": null,
            "cpu_set": null,
            "cpu_shares": null,
            "destroy_grace_seconds": null,
            "devices": [],
            "dns": null,
            "dns_opts": null,
            "dns_search": null,
            "domainname": null,
            "entrypoint": null,
            "env": [
              "ssh_pass=h793CIVlv8IFQ2Kd"
            ],
            "exit_code": null,
            "gateway": "172.20.0.1",
            "group_add": null,
            "healthcheck": [],
            "host": [],
            "hostname": null,
            "id": "01ec9311e843ef2de0343115d10e004929b730cb2a3f6e564e3a26761d9785aa",
            "image": "ubuntu-grr-client:latest",
            "ip_address": "172.20.2.2",
            "ip_prefix_length": 16,
            "ipc_mode": null,
            "labels": null,
            "links": null,
            "log_driver": "json-file",
            "log_opts": null,
            "logs": false,
            "max_retry_count": null,
            "memory": null,
            "memory_swap": null,
            "mounts": [],
            "must_run": true,
            "name": "ubuntu-grr-client-1",
            "network_alias": null,
            "network_data": [
              {
                "gateway": "172.20.0.1",
                "ip_address": "172.20.2.2",
                "ip_prefix_length": 16,
                "network_name": "grr-net"
              }
            ],
            "network_mode": null,
            "networks": null,
            "networks_advanced": [
              {
                "aliases": [],
                "ipv4_address": "172.20.2.2",
                "ipv6_address": "",
                "name": "grr-net"
              }
            ],
            "pid_mode": null,
            "ports": [],
            "privileged": null,
            "publish_all_ports": null,
            "read_only": false,
            "restart": "always",
            "rm": false,
            "shm_size": null,
            "start": true,
            "sysctls": null,
            "tmpfs": null,
            "ulimit": [],
            "upload": [],
            "user": null,
            "userns_mode": null,
            "volumes": [],
            "working_dir": "/"
          },
          "private": "eyJzY2hlbWFfdmVyc2lvbiI6IjEifQ==",
          "dependencies": [
            "module.grr-docker-lab.docker_network.grr-net",
            "random_password.password"
          ]
        },
        {
          "index_key": 2,
          "schema_version": 1,
          "attributes": {
            "attach": false,
            "bridge": "",
            "capabilities": [],
            "command": null,
            "container_logs": null,
            "cpu_set": null,
            "cpu_shares": null,
            "destroy_grace_seconds": null,
            "devices": [],
            "dns": null,
            "dns_opts": null,
            "dns_search": null,
            "domainname": null,
            "entrypoint": null,
            "env": [
              "ssh_pass=h793CIVlv8IFQ2Kd"
            ],
            "exit_code": null,
            "gateway": "172.20.0.1",
            "group_add": null,
            "healthcheck": [],
            "host": [],
            "hostname": null,
            "id": "b12617cc4f096e4d8f670ee5e91d4bdf23be6452feb8c30537ba577b1e689d58",
            "image": "ubuntu-grr-client:latest",
            "ip_address": "172.20.2.3",
            "ip_prefix_length": 16,
            "ipc_mode": null,
            "labels": null,
            "links": null,
            "log_driver": "json-file",
            "log_opts": null,
            "logs": false,
            "max_retry_count": null,
            "memory": null,
            "memory_swap": null,
            "mounts": [],
            "must_run": true,
            "name": "ubuntu-grr-client-2",
            "network_alias": null,
            "network_data": [
              {
                "gateway": "172.20.0.1",
                "ip_address": "172.20.2.3",
                "ip_prefix_length": 16,
                "network_name": "grr-net"
              }
            ],
            "network_mode": null,
            "networks": null,
            "networks_advanced": [
              {
                "aliases": [],
                "ipv4_address": "172.20.2.3",
                "ipv6_address": "",
                "name": "grr-net"
              }
            ],
            "pid_mode": null,
            "ports": [],
            "privileged": null,
            "publish_all_ports": null,
            "read_only": false,
            "restart": "always",
            "rm": false,
            "shm_size": null,
            "start": true,
            "sysctls": null,
            "tmpfs": null,
            "ulimit": [],
            "upload": [],
            "user": null,
            "userns_mode": null,
            "volumes": [],
            "working_dir": "/"
          },
          "private": "eyJzY2hlbWFfdmVyc2lvbiI6IjEifQ==",
          "dependencies": [
            "module.grr-docker-lab.docker_network.grr-net",
            "random_password.password"
          ]
        },
        {
          "index_key": 3,
          "schema_version": 1,
          "attributes": {
            "attach": false,
            "bridge": "",
            "capabilities": [],
            "command": null,
            "container_logs": null,
            "cpu_set": null,
            "cpu_shares": null,
            "destroy_grace_seconds": null,
            "devices": [],
            "dns": null,
            "dns_opts": null,
            "dns_search": null,
            "domainname": null,
            "entrypoint": null,
            "env": [
              "ssh_pass=h793CIVlv8IFQ2Kd"
            ],
            "exit_code": null,
            "gateway": "172.20.0.1",
            "group_add": null,
            "healthcheck": [],
            "host": [],
            "hostname": null,
            "id": "0c39500f2d4e9d364591ae097524ac14af4bf095a0acb368484dd2e17b29933c",
            "image": "ubuntu-grr-client:latest",
            "ip_address": "172.20.2.4",
            "ip_prefix_length": 16,
            "ipc_mode": null,
            "labels": null,
            "links": null,
            "log_driver": "json-file",
            "log_opts": null,
            "logs": false,
            "max_retry_count": null,
            "memory": null,
            "memory_swap": null,
            "mounts": [],
            "must_run": true,
            "name": "ubuntu-grr-client-3",
            "network_alias": null,
            "network_data": [
              {
                "gateway": "172.20.0.1",
                "ip_address": "172.20.2.4",
                "ip_prefix_length": 16,
                "network_name": "grr-net"
              }
            ],
            "network_mode": null,
            "networks": null,
            "networks_advanced": [
              {
                "aliases": [],
                "ipv4_address": "172.20.2.4",
                "ipv6_address": "",
                "name": "grr-net"
              }
            ],
            "pid_mode": null,
            "ports": [],
            "privileged": null,
            "publish_all_ports": null,
            "read_only": false,
            "restart": "always",
            "rm": false,
            "shm_size": null,
            "start": true,
            "sysctls": null,
            "tmpfs": null,
            "ulimit": [],
            "upload": [],
            "user": null,
            "userns_mode": null,
            "volumes": [],
            "working_dir": "/"
          },
          "private": "eyJzY2hlbWFfdmVyc2lvbiI6IjEifQ==",
          "dependencies": [
            "module.grr-docker-lab.docker_network.grr-net",
            "random_password.password"
          ]
        }
      ]
    },
    {
      "module": "module.grr-docker-lab",
      "mode": "managed",
      "type": "docker_network",
      "name": "grr-net",
      "provider": "provider.docker",
      "instances": [
        {
          "schema_version": 0,
          "attributes": {
            "attachable": true,
            "check_duplicate": true,
            "driver": "bridge",
            "id": "add40bbb4ab3787b6f78c82be30bc1e96d38cd493cce0b8118ff47fb205c1442",
            "ingress": false,
            "internal": false,
            "ipam_config": [
              {
                "aux_address": null,
                "gateway": "172.20.0.1",
                "ip_range": "",
                "subnet": "172.20.0.0/16"
              }
            ],
            "ipam_driver": "default",
            "ipv6": false,
            "labels": null,
            "name": "grr-net",
            "options": {},
            "scope": "local"
          },
          "private": "bnVsbA=="
        }
      ]
    },
    {
      "mode": "managed",
      "type": "null_resource",
      "name": "deploy-grr",
      "provider": "provider.null",
      "instances": [
        {
          "schema_version": 0,
          "attributes": {
            "id": "6628873542742195709",
            "triggers": null
          },
          "private": "bnVsbA==",
          "dependencies": [
            "module.grr-docker-lab.docker_container.grr-admin",
            "module.grr-docker-lab.docker_container.nginx-grr-client",
            "module.grr-docker-lab.docker_container.ubuntu-grr-client",
            "module.grr-docker-lab.docker_network.grr-net",
            "random_password.password"
          ]
        }
      ]
    },
    {
      "mode": "managed",
      "type": "random_password",
      "name": "password",
      "provider": "provider.random",
      "instances": [
        {
          "schema_version": 0,
          "attributes": {
            "id": "none",
            "keepers": null,
            "length": 16,
            "lower": true,
            "min_lower": 0,
            "min_numeric": 0,
            "min_special": 0,
            "min_upper": 0,
            "number": true,
            "override_special": "_%@",
            "result": "h793CIVlv8IFQ2Kd",
            "special": true,
            "upper": true
          },
          "private": "bnVsbA=="
        }
      ]
    }
  ]
}
